
Microsoft Visual Studio Solution File, Format Version 12.00
# Visual Studio 2013
VisualStudioVersion = 12.0.31101.0
MinimumVisualStudioVersion = 10.0.40219.1
Project("{FAE04EC0-301F-11D3-BF4B-00C04F79EFBC}") = "RESTfulSignalRService", "RESTfulSignalRService\RESTfulSignalRService.csproj", "{1005099F-4AE4-43CC-98EE-054CE57DE209}"
	ProjectSection(ProjectDependencies) = postProject
		{ABBEC024-768F-453B-B361-59B38F4C4B8E} = {ABBEC024-768F-453B-B361-59B38F4C4B8E}
		{A6DD5085-96EF-446E-8D1D-98EFE7F16D47} = {A6DD5085-96EF-446E-8D1D-98EFE7F16D47}
		{0F6CABD5-A813-43AE-8AC6-3D42A7A32F9C} = {0F6CABD5-A813-43AE-8AC6-3D42A7A32F9C}
		{797D09FB-F5D5-43BA-BC4E-8026406BE803} = {797D09FB-F5D5-43BA-BC4E-8026406BE803}
	EndProjectSection
EndProject
Project("{FAE04EC0-301F-11D3-BF4B-00C04F79EFBC}") = "MessageBroadCasterHtmlClient", "MessageBroadCasterHtmlClient\MessageBroadCasterHtmlClient.csproj", "{ABBEC024-768F-453B-B361-59B38F4C4B8E}"
EndProject
Project("{FAE04EC0-301F-11D3-BF4B-00C04F79EFBC}") = "SignalRBroadCastListener", "SignalRBroadCastListener\SignalRBroadCastListener.csproj", "{0F6CABD5-A813-43AE-8AC6-3D42A7A32F9C}"
EndProject
Project("{FAE04EC0-301F-11D3-BF4B-00C04F79EFBC}") = "CommonLibrary", "CommonLibrary\CommonLibrary.csproj", "{17EDB84E-2025-4FCC-8B29-EB87A17657B4}"
EndProject
Project("{2150E333-8FDC-42A3-9474-1A3956D46DE8}") = "SignalRService", "SignalRService", "{39148700-13A2-4362-A6FB-619A2B156B06}"
EndProject
Project("{2150E333-8FDC-42A3-9474-1A3956D46DE8}") = "Common", "Common", "{B4D8DBB0-5149-44C7-9D4C-1A5A4D48047A}"
EndProject
Project("{2150E333-8FDC-42A3-9474-1A3956D46DE8}") = "MessageBroadCasters", "MessageBroadCasters", "{09C9E31C-B40B-45C4-B252-3B23B1D61752}"
EndProject
Project("{2150E333-8FDC-42A3-9474-1A3956D46DE8}") = "MessageListeners", "MessageListeners", "{AA562082-B156-4D9F-84AC-DF210F55291C}"
EndProject
Project("{2150E333-8FDC-42A3-9474-1A3956D46DE8}") = "SignalRBroadCasterDB Script", "SignalRBroadCasterDB Script", "{38253CA4-081E-4199-9C5A-323CB73960EC}"
	ProjectSection(SolutionItems) = preProject
		SignalRBroadCasterDB_Script.sql = SignalRBroadCasterDB_Script.sql
	EndProjectSection
EndProject
Project("{2150E333-8FDC-42A3-9474-1A3956D46DE8}") = "SignalRClientWrapper", "SignalRClientWrapper", "{B39CD764-7B50-4DDF-86B0-CD6368600AEB}"
EndProject
Project("{FAE04EC0-301F-11D3-BF4B-00C04F79EFBC}") = "MessageListenerHtmlClient", "MessageListenerHtmlClient\MessageListenerHtmlClient.csproj", "{A6DD5085-96EF-446E-8D1D-98EFE7F16D47}"
EndProject
Project("{FAE04EC0-301F-11D3-BF4B-00C04F79EFBC}") = "CachingService", "CachingService\CachingService.csproj", "{797D09FB-F5D5-43BA-BC4E-8026406BE803}"
EndProject
Project("{FAE04EC0-301F-11D3-BF4B-00C04F79EFBC}") = "MessageListenerWPFApp", "MessageListenerWPFApp\MessageListenerWPFApp.csproj", "{0DB4B9AD-1C0A-482A-9F38-33F4DDA33F27}"
EndProject
Project("{2150E333-8FDC-42A3-9474-1A3956D46DE8}") = "ClientApps", "ClientApps", "{CEC96D87-7638-46DF-B6FD-1B81688BC38C}"
EndProject
Project("{2150E333-8FDC-42A3-9474-1A3956D46DE8}") = "Assets", "Assets", "{0BA6B5E1-3137-48FC-9223-BF6AB02A03C3}"
	ProjectSection(SolutionItems) = preProject
		MessageListernerWPFApp_SignalRBroadCasterDB.gif = MessageListernerWPFApp_SignalRBroadCasterDB.gif
		ReadMe.txt = ReadMe.txt
	EndProjectSection
EndProject
Global
	GlobalSection(SolutionConfigurationPlatforms) = preSolution
		Debug|Any CPU = Debug|Any CPU
		Release|Any CPU = Release|Any CPU
	EndGlobalSection
	GlobalSection(ProjectConfigurationPlatforms) = postSolution
		{1005099F-4AE4-43CC-98EE-054CE57DE209}.Debug|Any CPU.ActiveCfg = Debug|Any CPU
		{1005099F-4AE4-43CC-98EE-054CE57DE209}.Debug|Any CPU.Build.0 = Debug|Any CPU
		{1005099F-4AE4-43CC-98EE-054CE57DE209}.Release|Any CPU.ActiveCfg = Release|Any CPU
		{1005099F-4AE4-43CC-98EE-054CE57DE209}.Release|Any CPU.Build.0 = Release|Any CPU
		{ABBEC024-768F-453B-B361-59B38F4C4B8E}.Debug|Any CPU.ActiveCfg = Debug|Any CPU
		{ABBEC024-768F-453B-B361-59B38F4C4B8E}.Debug|Any CPU.Build.0 = Debug|Any CPU
		{ABBEC024-768F-453B-B361-59B38F4C4B8E}.Release|Any CPU.ActiveCfg = Release|Any CPU
		{ABBEC024-768F-453B-B361-59B38F4C4B8E}.Release|Any CPU.Build.0 = Release|Any CPU
		{0F6CABD5-A813-43AE-8AC6-3D42A7A32F9C}.Debug|Any CPU.ActiveCfg = Debug|Any CPU
		{0F6CABD5-A813-43AE-8AC6-3D42A7A32F9C}.Debug|Any CPU.Build.0 = Debug|Any CPU
		{0F6CABD5-A813-43AE-8AC6-3D42A7A32F9C}.Release|Any CPU.ActiveCfg = Release|Any CPU
		{0F6CABD5-A813-43AE-8AC6-3D42A7A32F9C}.Release|Any CPU.Build.0 = Release|Any CPU
		{17EDB84E-2025-4FCC-8B29-EB87A17657B4}.Debug|Any CPU.ActiveCfg = Debug|Any CPU
		{17EDB84E-2025-4FCC-8B29-EB87A17657B4}.Debug|Any CPU.Build.0 = Debug|Any CPU
		{17EDB84E-2025-4FCC-8B29-EB87A17657B4}.Release|Any CPU.ActiveCfg = Release|Any CPU
		{17EDB84E-2025-4FCC-8B29-EB87A17657B4}.Release|Any CPU.Build.0 = Release|Any CPU
		{A6DD5085-96EF-446E-8D1D-98EFE7F16D47}.Debug|Any CPU.ActiveCfg = Debug|Any CPU
		{A6DD5085-96EF-446E-8D1D-98EFE7F16D47}.Debug|Any CPU.Build.0 = Debug|Any CPU
		{A6DD5085-96EF-446E-8D1D-98EFE7F16D47}.Release|Any CPU.ActiveCfg = Release|Any CPU
		{A6DD5085-96EF-446E-8D1D-98EFE7F16D47}.Release|Any CPU.Build.0 = Release|Any CPU
		{797D09FB-F5D5-43BA-BC4E-8026406BE803}.Debug|Any CPU.ActiveCfg = Debug|Any CPU
		{797D09FB-F5D5-43BA-BC4E-8026406BE803}.Debug|Any CPU.Build.0 = Debug|Any CPU
		{797D09FB-F5D5-43BA-BC4E-8026406BE803}.Release|Any CPU.ActiveCfg = Release|Any CPU
		{797D09FB-F5D5-43BA-BC4E-8026406BE803}.Release|Any CPU.Build.0 = Release|Any CPU
		{0DB4B9AD-1C0A-482A-9F38-33F4DDA33F27}.Debug|Any CPU.ActiveCfg = Debug|Any CPU
		{0DB4B9AD-1C0A-482A-9F38-33F4DDA33F27}.Debug|Any CPU.Build.0 = Debug|Any CPU
		{0DB4B9AD-1C0A-482A-9F38-33F4DDA33F27}.Release|Any CPU.ActiveCfg = Release|Any CPU
		{0DB4B9AD-1C0A-482A-9F38-33F4DDA33F27}.Release|Any CPU.Build.0 = Release|Any CPU
	EndGlobalSection
	GlobalSection(SolutionProperties) = preSolution
		HideSolutionNode = FALSE
	EndGlobalSection
	GlobalSection(NestedProjects) = preSolution
		{1005099F-4AE4-43CC-98EE-054CE57DE209} = {39148700-13A2-4362-A6FB-619A2B156B06}
		{ABBEC024-768F-453B-B361-59B38F4C4B8E} = {09C9E31C-B40B-45C4-B252-3B23B1D61752}
		{0F6CABD5-A813-43AE-8AC6-3D42A7A32F9C} = {B39CD764-7B50-4DDF-86B0-CD6368600AEB}
		{17EDB84E-2025-4FCC-8B29-EB87A17657B4} = {B4D8DBB0-5149-44C7-9D4C-1A5A4D48047A}
		{09C9E31C-B40B-45C4-B252-3B23B1D61752} = {CEC96D87-7638-46DF-B6FD-1B81688BC38C}
		{AA562082-B156-4D9F-84AC-DF210F55291C} = {CEC96D87-7638-46DF-B6FD-1B81688BC38C}
		{38253CA4-081E-4199-9C5A-323CB73960EC} = {09C9E31C-B40B-45C4-B252-3B23B1D61752}
		{A6DD5085-96EF-446E-8D1D-98EFE7F16D47} = {AA562082-B156-4D9F-84AC-DF210F55291C}
		{797D09FB-F5D5-43BA-BC4E-8026406BE803} = {AA562082-B156-4D9F-84AC-DF210F55291C}
		{0DB4B9AD-1C0A-482A-9F38-33F4DDA33F27} = {AA562082-B156-4D9F-84AC-DF210F55291C}
		{0BA6B5E1-3137-48FC-9223-BF6AB02A03C3} = {CEC96D87-7638-46DF-B6FD-1B81688BC38C}
	EndGlobalSection
EndGlobal
